PODS:
  - CocoaAsyncSocket (7.6.3)
  - EchoSDK/Core (0.0.4):
    - CocoaAsyncSocket
  - Masonry (1.1.0)

DEPENDENCIES:
  - EchoSDK/Core (from `../`)
  - Masonry

SPEC REPOS:
  trunk:
    - CocoaAsyncSocket
    - Masonry

EXTERNAL SOURCES:
  EchoSDK:
    :path: "../"

SPEC CHECKSUMS:
  CocoaAsyncSocket: eafaa68a7e0ec99ead0a7b35015e0bf25d2c8987
  EchoSDK: 6cea0f1e5e3e64c933f2148ee2b06c407b3b50cb
  Masonry: 678fab65091a9290e40e2832a55e7ab731aad201

PODFILE CHECKSUM: 2b0cb499cac7d88186f734b6493e36d20f33eb9c

COCOAPODS: 1.10.0
